
Microsoft Visual Studio Solution File, Format Version 12.00
# Visual Studio 15
VisualStudioVersion = 15.0.27428.2005
MinimumVisualStudioVersion = 10.0.40219.1
Project("{9A19103F-16F7-4668-BE54-9A1E7A4F7556}") = "GCSProgramacaoTV", "GCSProgramacaoTV\GCSProgramacaoTV\GCSProgramacaoTV.csproj", "{467D5458-BF37-45B2-8F0B-112F0DB7AB6D}"
EndProject
Project("{FAE04EC0-301F-11D3-BF4B-00C04F79EFBC}") = "GCSProgramacaoTV.Android", "GCSProgramacaoTV\GCSProgramacaoTV.Android\GCSProgramacaoTV.Android.csproj", "{634FCCEE-72C0-4A09-88E2-E2AF13B5E043}"
EndProject
Project("{FAE04EC0-301F-11D3-BF4B-00C04F79EFBC}") = "GCSProgramacaoTV.iOS", "GCSProgramacaoTV\GCSProgramacaoTV.iOS\GCSProgramacaoTV.iOS.csproj", "{FDB24DD5-BCBF-4267-A21E-66EC779E03FD}"
EndProject
Project("{FAE04EC0-301F-11D3-BF4B-00C04F79EFBC}") = "GCSProgramacaoTV.UWP", "GCSProgramacaoTV\GCSProgramacaoTV.UWP\GCSProgramacaoTV.UWP.csproj", "{C17ABB5F-8E89-430A-A617-667983B79468}"
EndProject
Project("{2150E333-8FDC-42A3-9474-1A3956D46DE8}") = "API", "API", "{C4205485-D6C6-4FDD-98B9-7382D2825BD6}"
EndProject
Project("{FAE04EC0-301F-11D3-BF4B-00C04F79EFBC}") = "GCSSite", "GCSSite\GCSSite.csproj", "{F367E19C-F9B7-478B-827B-E45B624C08F6}"
EndProject
Project("{FAE04EC0-301F-11D3-BF4B-00C04F79EFBC}") = "GCSEntities", "GCSEntities\GCSEntities.csproj", "{A89D7CDB-4FFC-47E6-A227-5930F59BA9EF}"
EndProject
Global
	GlobalSection(SolutionConfigurationPlatforms) = preSolution
		Ad-Hoc|Any CPU = Ad-Hoc|Any CPU
		Ad-Hoc|ARM = Ad-Hoc|ARM
		Ad-Hoc|iPhone = Ad-Hoc|iPhone
		Ad-Hoc|iPhoneSimulator = Ad-Hoc|iPhoneSimulator
		Ad-Hoc|x64 = Ad-Hoc|x64
		Ad-Hoc|x86 = Ad-Hoc|x86
		AppStore|Any CPU = AppStore|Any CPU
		AppStore|ARM = AppStore|ARM
		AppStore|iPhone = AppStore|iPhone
		AppStore|iPhoneSimulator = AppStore|iPhoneSimulator
		AppStore|x64 = AppStore|x64
		AppStore|x86 = AppStore|x86
		Debug|Any CPU = Debug|Any CPU
		Debug|ARM = Debug|ARM
		Debug|iPhone = Debug|iPhone
		Debug|iPhoneSimulator = Debug|iPhoneSimulator
		Debug|x64 = Debug|x64
		Debug|x86 = Debug|x86
		Release|Any CPU = Release|Any CPU
		Release|ARM = Release|ARM
		Release|iPhone = Release|iPhone
		Release|iPhoneSimulator = Release|iPhoneSimulator
		Release|x64 = Release|x64
		Release|x86 = Release|x86
	EndGlobalSection
	GlobalSection(ProjectConfigurationPlatforms) = postSolution
		{467D5458-BF37-45B2-8F0B-112F0DB7AB6D}.Ad-Hoc|Any CPU.ActiveCfg = Debug|Any CPU
		{467D5458-BF37-45B2-8F0B-112F0DB7AB6D}.Ad-Hoc|Any CPU.Build.0 = Debug|Any CPU
		{467D5458-BF37-45B2-8F0B-112F0DB7AB6D}.Ad-Hoc|ARM.ActiveCfg = Debug|Any CPU
		{467D5458-BF37-45B2-8F0B-112F0DB7AB6D}.Ad-Hoc|ARM.Build.0 = Debug|Any CPU
		{467D5458-BF37-45B2-8F0B-112F0DB7AB6D}.Ad-Hoc|iPhone.ActiveCfg = Debug|Any CPU
		{467D5458-BF37-45B2-8F0B-112F0DB7AB6D}.Ad-Hoc|iPhone.Build.0 = Debug|Any CPU
		{467D5458-BF37-45B2-8F0B-112F0DB7AB6D}.Ad-Hoc|iPhoneSimulator.ActiveCfg = Debug|Any CPU
		{467D5458-BF37-45B2-8F0B-112F0DB7AB6D}.Ad-Hoc|iPhoneSimulator.Build.0 = Debug|Any CPU
		{467D5458-BF37-45B2-8F0B-112F0DB7AB6D}.Ad-Hoc|x64.ActiveCfg = Debug|Any CPU
		{467D5458-BF37-45B2-8F0B-112F0DB7AB6D}.Ad-Hoc|x64.Build.0 = Debug|Any CPU
		{467D5458-BF37-45B2-8F0B-112F0DB7AB6D}.Ad-Hoc|x86.ActiveCfg = Debug|Any CPU
		{467D5458-BF37-45B2-8F0B-112F0DB7AB6D}.Ad-Hoc|x86.Build.0 = Debug|Any CPU
		{467D5458-BF37-45B2-8F0B-112F0DB7AB6D}.AppStore|Any CPU.ActiveCfg = Debug|Any CPU
		{467D5458-BF37-45B2-8F0B-112F0DB7AB6D}.AppStore|Any CPU.Build.0 = Debug|Any CPU
		{467D5458-BF37-45B2-8F0B-112F0DB7AB6D}.AppStore|ARM.ActiveCfg = Debug|Any CPU
		{467D5458-BF37-45B2-8F0B-112F0DB7AB6D}.AppStore|ARM.Build.0 = Debug|Any CPU
		{467D5458-BF37-45B2-8F0B-112F0DB7AB6D}.AppStore|iPhone.ActiveCfg = Debug|Any CPU
		{467D5458-BF37-45B2-8F0B-112F0DB7AB6D}.AppStore|iPhone.Build.0 = Debug|Any CPU
		{467D5458-BF37-45B2-8F0B-112F0DB7AB6D}.AppStore|iPhoneSimulator.ActiveCfg = Debug|Any CPU
		{467D5458-BF37-45B2-8F0B-112F0DB7AB6D}.AppStore|iPhoneSimulator.Build.0 = Debug|Any CPU
		{467D5458-BF37-45B2-8F0B-112F0DB7AB6D}.AppStore|x64.ActiveCfg = Debug|Any CPU
		{467D5458-BF37-45B2-8F0B-112F0DB7AB6D}.AppStore|x64.Build.0 = Debug|Any CPU
		{467D5458-BF37-45B2-8F0B-112F0DB7AB6D}.AppStore|x86.ActiveCfg = Debug|Any CPU
		{467D5458-BF37-45B2-8F0B-112F0DB7AB6D}.AppStore|x86.Build.0 = Debug|Any CPU
		{467D5458-BF37-45B2-8F0B-112F0DB7AB6D}.Debug|Any CPU.ActiveCfg = Debug|Any CPU
		{467D5458-BF37-45B2-8F0B-112F0DB7AB6D}.Debug|Any CPU.Build.0 = Debug|Any CPU
		{467D5458-BF37-45B2-8F0B-112F0DB7AB6D}.Debug|ARM.ActiveCfg = Debug|Any CPU
		{467D5458-BF37-45B2-8F0B-112F0DB7AB6D}.Debug|ARM.Build.0 = Debug|Any CPU
		{467D5458-BF37-45B2-8F0B-112F0DB7AB6D}.Debug|iPhone.ActiveCfg = Debug|Any CPU
		{467D5458-BF37-45B2-8F0B-112F0DB7AB6D}.Debug|iPhone.Build.0 = Debug|Any CPU
		{467D5458-BF37-45B2-8F0B-112F0DB7AB6D}.Debug|iPhoneSimulator.ActiveCfg = Debug|Any CPU
		{467D5458-BF37-45B2-8F0B-112F0DB7AB6D}.Debug|iPhoneSimulator.Build.0 = Debug|Any CPU
		{467D5458-BF37-45B2-8F0B-112F0DB7AB6D}.Debug|x64.ActiveCfg = Debug|Any CPU
		{467D5458-BF37-45B2-8F0B-112F0DB7AB6D}.Debug|x64.Build.0 = Debug|Any CPU
		{467D5458-BF37-45B2-8F0B-112F0DB7AB6D}.Debug|x86.ActiveCfg = Debug|Any CPU
		{467D5458-BF37-45B2-8F0B-112F0DB7AB6D}.Debug|x86.Build.0 = Debug|Any CPU
		{467D5458-BF37-45B2-8F0B-112F0DB7AB6D}.Release|Any CPU.ActiveCfg = Release|Any CPU
		{467D5458-BF37-45B2-8F0B-112F0DB7AB6D}.Release|Any CPU.Build.0 = Release|Any CPU
		{467D5458-BF37-45B2-8F0B-112F0DB7AB6D}.Release|ARM.ActiveCfg = Release|Any CPU
		{467D5458-BF37-45B2-8F0B-112F0DB7AB6D}.Release|ARM.Build.0 = Release|Any CPU
		{467D5458-BF37-45B2-8F0B-112F0DB7AB6D}.Release|iPhone.ActiveCfg = Release|Any CPU
		{467D5458-BF37-45B2-8F0B-112F0DB7AB6D}.Release|iPhone.Build.0 = Release|Any CPU
		{467D5458-BF37-45B2-8F0B-112F0DB7AB6D}.Release|iPhoneSimulator.ActiveCfg = Release|Any CPU
		{467D5458-BF37-45B2-8F0B-112F0DB7AB6D}.Release|iPhoneSimulator.Build.0 = Release|Any CPU
		{467D5458-BF37-45B2-8F0B-112F0DB7AB6D}.Release|x64.ActiveCfg = Release|Any CPU
		{467D5458-BF37-45B2-8F0B-112F0DB7AB6D}.Release|x64.Build.0 = Release|Any CPU
		{467D5458-BF37-45B2-8F0B-112F0DB7AB6D}.Release|x86.ActiveCfg = Release|Any CPU
		{467D5458-BF37-45B2-8F0B-112F0DB7AB6D}.Release|x86.Build.0 = Release|Any CPU
		{634FCCEE-72C0-4A09-88E2-E2AF13B5E043}.Ad-Hoc|Any CPU.ActiveCfg = Release|Any CPU
		{634FCCEE-72C0-4A09-88E2-E2AF13B5E043}.Ad-Hoc|Any CPU.Build.0 = Release|Any CPU
		{634FCCEE-72C0-4A09-88E2-E2AF13B5E043}.Ad-Hoc|Any CPU.Deploy.0 = Release|Any CPU
		{634FCCEE-72C0-4A09-88E2-E2AF13B5E043}.Ad-Hoc|ARM.ActiveCfg = Release|Any CPU
		{634FCCEE-72C0-4A09-88E2-E2AF13B5E043}.Ad-Hoc|ARM.Build.0 = Release|Any CPU
		{634FCCEE-72C0-4A09-88E2-E2AF13B5E043}.Ad-Hoc|ARM.Deploy.0 = Release|Any CPU
		{634FCCEE-72C0-4A09-88E2-E2AF13B5E043}.Ad-Hoc|iPhone.ActiveCfg = Release|Any CPU
		{634FCCEE-72C0-4A09-88E2-E2AF13B5E043}.Ad-Hoc|iPhone.Build.0 = Release|Any CPU
		{634FCCEE-72C0-4A09-88E2-E2AF13B5E043}.Ad-Hoc|iPhone.Deploy.0 = Release|Any CPU
		{634FCCEE-72C0-4A09-88E2-E2AF13B5E043}.Ad-Hoc|iPhoneSimulator.ActiveCfg = Release|Any CPU
		{634FCCEE-72C0-4A09-88E2-E2AF13B5E043}.Ad-Hoc|iPhoneSimulator.Build.0 = Release|Any CPU
		{634FCCEE-72C0-4A09-88E2-E2AF13B5E043}.Ad-Hoc|iPhoneSimulator.Deploy.0 = Release|Any CPU
		{634FCCEE-72C0-4A09-88E2-E2AF13B5E043}.Ad-Hoc|x64.ActiveCfg = Release|Any CPU
		{634FCCEE-72C0-4A09-88E2-E2AF13B5E043}.Ad-Hoc|x64.Build.0 = Release|Any CPU
		{634FCCEE-72C0-4A09-88E2-E2AF13B5E043}.Ad-Hoc|x64.Deploy.0 = Release|Any CPU
		{634FCCEE-72C0-4A09-88E2-E2AF13B5E043}.Ad-Hoc|x86.ActiveCfg = Release|Any CPU
		{634FCCEE-72C0-4A09-88E2-E2AF13B5E043}.Ad-Hoc|x86.Build.0 = Release|Any CPU
		{634FCCEE-72C0-4A09-88E2-E2AF13B5E043}.Ad-Hoc|x86.Deploy.0 = Release|Any CPU
		{634FCCEE-72C0-4A09-88E2-E2AF13B5E043}.AppStore|Any CPU.ActiveCfg = Release|Any CPU
		{634FCCEE-72C0-4A09-88E2-E2AF13B5E043}.AppStore|Any CPU.Build.0 = Release|Any CPU
		{634FCCEE-72C0-4A09-88E2-E2AF13B5E043}.AppStore|Any CPU.Deploy.0 = Release|Any CPU
		{634FCCEE-72C0-4A09-88E2-E2AF13B5E043}.AppStore|ARM.ActiveCfg = Release|Any CPU
		{634FCCEE-72C0-4A09-88E2-E2AF13B5E043}.AppStore|ARM.Build.0 = Release|Any CPU
		{634FCCEE-72C0-4A09-88E2-E2AF13B5E043}.AppStore|ARM.Deploy.0 = Release|Any CPU
		{634FCCEE-72C0-4A09-88E2-E2AF13B5E043}.AppStore|iPhone.ActiveCfg = Release|Any CPU
		{634FCCEE-72C0-4A09-88E2-E2AF13B5E043}.AppStore|iPhone.Build.0 = Release|Any CPU
		{634FCCEE-72C0-4A09-88E2-E2AF13B5E043}.AppStore|iPhone.Deploy.0 = Release|Any CPU
		{634FCCEE-72C0-4A09-88E2-E2AF13B5E043}.AppStore|iPhoneSimulator.ActiveCfg = Release|Any CPU
		{634FCCEE-72C0-4A09-88E2-E2AF13B5E043}.AppStore|iPhoneSimulator.Build.0 = Release|Any CPU
		{634FCCEE-72C0-4A09-88E2-E2AF13B5E043}.AppStore|iPhoneSimulator.Deploy.0 = Release|Any CPU
		{634FCCEE-72C0-4A09-88E2-E2AF13B5E043}.AppStore|x64.ActiveCfg = Release|Any CPU
		{634FCCEE-72C0-4A09-88E2-E2AF13B5E043}.AppStore|x64.Build.0 = Release|Any CPU
		{634FCCEE-72C0-4A09-88E2-E2AF13B5E043}.AppStore|x64.Deploy.0 = Release|Any CPU
		{634FCCEE-72C0-4A09-88E2-E2AF13B5E043}.AppStore|x86.ActiveCfg = Release|Any CPU
		{634FCCEE-72C0-4A09-88E2-E2AF13B5E043}.AppStore|x86.Build.0 = Release|Any CPU
		{634FCCEE-72C0-4A09-88E2-E2AF13B5E043}.AppStore|x86.Deploy.0 = Release|Any CPU
		{634FCCEE-72C0-4A09-88E2-E2AF13B5E043}.Debug|Any CPU.ActiveCfg = Debug|Any CPU
		{634FCCEE-72C0-4A09-88E2-E2AF13B5E043}.Debug|Any CPU.Build.0 = Debug|Any CPU
		{634FCCEE-72C0-4A09-88E2-E2AF13B5E043}.Debug|Any CPU.Deploy.0 = Debug|Any CPU
		{634FCCEE-72C0-4A09-88E2-E2AF13B5E043}.Debug|ARM.ActiveCfg = Debug|Any CPU
		{634FCCEE-72C0-4A09-88E2-E2AF13B5E043}.Debug|ARM.Build.0 = Debug|Any CPU
		{634FCCEE-72C0-4A09-88E2-E2AF13B5E043}.Debug|ARM.Deploy.0 = Debug|Any CPU
		{634FCCEE-72C0-4A09-88E2-E2AF13B5E043}.Debug|iPhone.ActiveCfg = Debug|Any CPU
		{634FCCEE-72C0-4A09-88E2-E2AF13B5E043}.Debug|iPhone.Build.0 = Debug|Any CPU
		{634FCCEE-72C0-4A09-88E2-E2AF13B5E043}.Debug|iPhone.Deploy.0 = Debug|Any CPU
		{634FCCEE-72C0-4A09-88E2-E2AF13B5E043}.Debug|iPhoneSimulator.ActiveCfg = Debug|Any CPU
		{634FCCEE-72C0-4A09-88E2-E2AF13B5E043}.Debug|iPhoneSimulator.Build.0 = Debug|Any CPU
		{634FCCEE-72C0-4A09-88E2-E2AF13B5E043}.Debug|iPhoneSimulator.Deploy.0 = Debug|Any CPU
		{634FCCEE-72C0-4A09-88E2-E2AF13B5E043}.Debug|x64.ActiveCfg = Debug|Any CPU
		{634FCCEE-72C0-4A09-88E2-E2AF13B5E043}.Debug|x64.Build.0 = Debug|Any CPU
		{634FCCEE-72C0-4A09-88E2-E2AF13B5E043}.Debug|x64.Deploy.0 = Debug|Any CPU
		{634FCCEE-72C0-4A09-88E2-E2AF13B5E043}.Debug|x86.ActiveCfg = Debug|Any CPU
		{634FCCEE-72C0-4A09-88E2-E2AF13B5E043}.Debug|x86.Build.0 = Debug|Any CPU
		{634FCCEE-72C0-4A09-88E2-E2AF13B5E043}.Debug|x86.Deploy.0 = Debug|Any CPU
		{634FCCEE-72C0-4A09-88E2-E2AF13B5E043}.Release|Any CPU.ActiveCfg = Release|Any CPU
		{634FCCEE-72C0-4A09-88E2-E2AF13B5E043}.Release|Any CPU.Build.0 = Release|Any CPU
		{634FCCEE-72C0-4A09-88E2-E2AF13B5E043}.Release|Any CPU.Deploy.0 = Release|Any CPU
		{634FCCEE-72C0-4A09-88E2-E2AF13B5E043}.Release|ARM.ActiveCfg = Release|Any CPU
		{634FCCEE-72C0-4A09-88E2-E2AF13B5E043}.Release|ARM.Build.0 = Release|Any CPU
		{634FCCEE-72C0-4A09-88E2-E2AF13B5E043}.Release|ARM.Deploy.0 = Release|Any CPU
		{634FCCEE-72C0-4A09-88E2-E2AF13B5E043}.Release|iPhone.ActiveCfg = Release|Any CPU
		{634FCCEE-72C0-4A09-88E2-E2AF13B5E043}.Release|iPhone.Build.0 = Release|Any CPU
		{634FCCEE-72C0-4A09-88E2-E2AF13B5E043}.Release|iPhone.Deploy.0 = Release|Any CPU
		{634FCCEE-72C0-4A09-88E2-E2AF13B5E043}.Release|iPhoneSimulator.ActiveCfg = Release|Any CPU
		{634FCCEE-72C0-4A09-88E2-E2AF13B5E043}.Release|iPhoneSimulator.Build.0 = Release|Any CPU
		{634FCCEE-72C0-4A09-88E2-E2AF13B5E043}.Release|iPhoneSimulator.Deploy.0 = Release|Any CPU
		{634FCCEE-72C0-4A09-88E2-E2AF13B5E043}.Release|x64.ActiveCfg = Release|Any CPU
		{634FCCEE-72C0-4A09-88E2-E2AF13B5E043}.Release|x64.Build.0 = Release|Any CPU
		{634FCCEE-72C0-4A09-88E2-E2AF13B5E043}.Release|x64.Deploy.0 = Release|Any CPU
		{634FCCEE-72C0-4A09-88E2-E2AF13B5E043}.Release|x86.ActiveCfg = Release|Any CPU
		{634FCCEE-72C0-4A09-88E2-E2AF13B5E043}.Release|x86.Build.0 = Release|Any CPU
		{634FCCEE-72C0-4A09-88E2-E2AF13B5E043}.Release|x86.Deploy.0 = Release|Any CPU
		{FDB24DD5-BCBF-4267-A21E-66EC779E03FD}.Ad-Hoc|Any CPU.ActiveCfg = Ad-Hoc|iPhone
		{FDB24DD5-BCBF-4267-A21E-66EC779E03FD}.Ad-Hoc|ARM.ActiveCfg = Ad-Hoc|iPhone
		{FDB24DD5-BCBF-4267-A21E-66EC779E03FD}.Ad-Hoc|iPhone.ActiveCfg = Ad-Hoc|iPhone
		{FDB24DD5-BCBF-4267-A21E-66EC779E03FD}.Ad-Hoc|iPhone.Build.0 = Ad-Hoc|iPhone
		{FDB24DD5-BCBF-4267-A21E-66EC779E03FD}.Ad-Hoc|iPhoneSimulator.ActiveCfg = Ad-Hoc|iPhoneSimulator
		{FDB24DD5-BCBF-4267-A21E-66EC779E03FD}.Ad-Hoc|iPhoneSimulator.Build.0 = Ad-Hoc|iPhoneSimulator
		{FDB24DD5-BCBF-4267-A21E-66EC779E03FD}.Ad-Hoc|x64.ActiveCfg = Ad-Hoc|iPhone
		{FDB24DD5-BCBF-4267-A21E-66EC779E03FD}.Ad-Hoc|x86.ActiveCfg = Ad-Hoc|iPhone
		{FDB24DD5-BCBF-4267-A21E-66EC779E03FD}.AppStore|Any CPU.ActiveCfg = AppStore|iPhone
		{FDB24DD5-BCBF-4267-A21E-66EC779E03FD}.AppStore|ARM.ActiveCfg = AppStore|iPhone
		{FDB24DD5-BCBF-4267-A21E-66EC779E03FD}.AppStore|iPhone.ActiveCfg = AppStore|iPhone
		{FDB24DD5-BCBF-4267-A21E-66EC779E03FD}.AppStore|iPhone.Build.0 = AppStore|iPhone
		{FDB24DD5-BCBF-4267-A21E-66EC779E03FD}.AppStore|iPhoneSimulator.ActiveCfg = AppStore|iPhoneSimulator
		{FDB24DD5-BCBF-4267-A21E-66EC779E03FD}.AppStore|iPhoneSimulator.Build.0 = AppStore|iPhoneSimulator
		{FDB24DD5-BCBF-4267-A21E-66EC779E03FD}.AppStore|x64.ActiveCfg = AppStore|iPhone
		{FDB24DD5-BCBF-4267-A21E-66EC779E03FD}.AppStore|x86.ActiveCfg = AppStore|iPhone
		{FDB24DD5-BCBF-4267-A21E-66EC779E03FD}.Debug|Any CPU.ActiveCfg = Debug|iPhone
		{FDB24DD5-BCBF-4267-A21E-66EC779E03FD}.Debug|ARM.ActiveCfg = Debug|iPhone
		{FDB24DD5-BCBF-4267-A21E-66EC779E03FD}.Debug|iPhone.ActiveCfg = Debug|iPhone
		{FDB24DD5-BCBF-4267-A21E-66EC779E03FD}.Debug|iPhone.Build.0 = Debug|iPhone
		{FDB24DD5-BCBF-4267-A21E-66EC779E03FD}.Debug|iPhoneSimulator.ActiveCfg = Debug|iPhoneSimulator
		{FDB24DD5-BCBF-4267-A21E-66EC779E03FD}.Debug|iPhoneSimulator.Build.0 = Debug|iPhoneSimulator
		{FDB24DD5-BCBF-4267-A21E-66EC779E03FD}.Debug|x64.ActiveCfg = Debug|iPhone
		{FDB24DD5-BCBF-4267-A21E-66EC779E03FD}.Debug|x86.ActiveCfg = Debug|iPhone
		{FDB24DD5-BCBF-4267-A21E-66EC779E03FD}.Release|Any CPU.ActiveCfg = Release|iPhone
		{FDB24DD5-BCBF-4267-A21E-66EC779E03FD}.Release|ARM.ActiveCfg = Release|iPhone
		{FDB24DD5-BCBF-4267-A21E-66EC779E03FD}.Release|iPhone.ActiveCfg = Release|iPhone
		{FDB24DD5-BCBF-4267-A21E-66EC779E03FD}.Release|iPhone.Build.0 = Release|iPhone
		{FDB24DD5-BCBF-4267-A21E-66EC779E03FD}.Release|iPhoneSimulator.ActiveCfg = Release|iPhoneSimulator
		{FDB24DD5-BCBF-4267-A21E-66EC779E03FD}.Release|iPhoneSimulator.Build.0 = Release|iPhoneSimulator
		{FDB24DD5-BCBF-4267-A21E-66EC779E03FD}.Release|x64.ActiveCfg = Release|iPhone
		{FDB24DD5-BCBF-4267-A21E-66EC779E03FD}.Release|x86.ActiveCfg = Release|iPhone
		{C17ABB5F-8E89-430A-A617-667983B79468}.Ad-Hoc|Any CPU.ActiveCfg = Release|x86
		{C17ABB5F-8E89-430A-A617-667983B79468}.Ad-Hoc|Any CPU.Build.0 = Release|x86
		{C17ABB5F-8E89-430A-A617-667983B79468}.Ad-Hoc|Any CPU.Deploy.0 = Release|x86
		{C17ABB5F-8E89-430A-A617-667983B79468}.Ad-Hoc|ARM.ActiveCfg = Release|ARM
		{C17ABB5F-8E89-430A-A617-667983B79468}.Ad-Hoc|ARM.Build.0 = Release|ARM
		{C17ABB5F-8E89-430A-A617-667983B79468}.Ad-Hoc|ARM.Deploy.0 = Release|ARM
		{C17ABB5F-8E89-430A-A617-667983B79468}.Ad-Hoc|iPhone.ActiveCfg = Release|x86
		{C17ABB5F-8E89-430A-A617-667983B79468}.Ad-Hoc|iPhone.Build.0 = Release|x86
		{C17ABB5F-8E89-430A-A617-667983B79468}.Ad-Hoc|iPhone.Deploy.0 = Release|x86
		{C17ABB5F-8E89-430A-A617-667983B79468}.Ad-Hoc|iPhoneSimulator.ActiveCfg = Release|x86
		{C17ABB5F-8E89-430A-A617-667983B79468}.Ad-Hoc|iPhoneSimulator.Build.0 = Release|x86
		{C17ABB5F-8E89-430A-A617-667983B79468}.Ad-Hoc|iPhoneSimulator.Deploy.0 = Release|x86
		{C17ABB5F-8E89-430A-A617-667983B79468}.Ad-Hoc|x64.ActiveCfg = Release|x64
		{C17ABB5F-8E89-430A-A617-667983B79468}.Ad-Hoc|x64.Build.0 = Release|x64
		{C17ABB5F-8E89-430A-A617-667983B79468}.Ad-Hoc|x64.Deploy.0 = Release|x64
		{C17ABB5F-8E89-430A-A617-667983B79468}.Ad-Hoc|x86.ActiveCfg = Release|x86
		{C17ABB5F-8E89-430A-A617-667983B79468}.Ad-Hoc|x86.Build.0 = Release|x86
		{C17ABB5F-8E89-430A-A617-667983B79468}.Ad-Hoc|x86.Deploy.0 = Release|x86
		{C17ABB5F-8E89-430A-A617-667983B79468}.AppStore|Any CPU.ActiveCfg = Release|x86
		{C17ABB5F-8E89-430A-A617-667983B79468}.AppStore|Any CPU.Build.0 = Release|x86
		{C17ABB5F-8E89-430A-A617-667983B79468}.AppStore|Any CPU.Deploy.0 = Release|x86
		{C17ABB5F-8E89-430A-A617-667983B79468}.AppStore|ARM.ActiveCfg = Release|ARM
		{C17ABB5F-8E89-430A-A617-667983B79468}.AppStore|ARM.Build.0 = Release|ARM
		{C17ABB5F-8E89-430A-A617-667983B79468}.AppStore|ARM.Deploy.0 = Release|ARM
		{C17ABB5F-8E89-430A-A617-667983B79468}.AppStore|iPhone.ActiveCfg = Release|x86
		{C17ABB5F-8E89-430A-A617-667983B79468}.AppStore|iPhone.Build.0 = Release|x86
		{C17ABB5F-8E89-430A-A617-667983B79468}.AppStore|iPhone.Deploy.0 = Release|x86
		{C17ABB5F-8E89-430A-A617-667983B79468}.AppStore|iPhoneSimulator.ActiveCfg = Release|x86
		{C17ABB5F-8E89-430A-A617-667983B79468}.AppStore|iPhoneSimulator.Build.0 = Release|x86
		{C17ABB5F-8E89-430A-A617-667983B79468}.AppStore|iPhoneSimulator.Deploy.0 = Release|x86
		{C17ABB5F-8E89-430A-A617-667983B79468}.AppStore|x64.ActiveCfg = Release|x64
		{C17ABB5F-8E89-430A-A617-667983B79468}.AppStore|x64.Build.0 = Release|x64
		{C17ABB5F-8E89-430A-A617-667983B79468}.AppStore|x64.Deploy.0 = Release|x64
		{C17ABB5F-8E89-430A-A617-667983B79468}.AppStore|x86.ActiveCfg = Release|x86
		{C17ABB5F-8E89-430A-A617-667983B79468}.AppStore|x86.Build.0 = Release|x86
		{C17ABB5F-8E89-430A-A617-667983B79468}.AppStore|x86.Deploy.0 = Release|x86
		{C17ABB5F-8E89-430A-A617-667983B79468}.Debug|Any CPU.ActiveCfg = Debug|x86
		{C17ABB5F-8E89-430A-A617-667983B79468}.Debug|ARM.ActiveCfg = Debug|ARM
		{C17ABB5F-8E89-430A-A617-667983B79468}.Debug|ARM.Build.0 = Debug|ARM
		{C17ABB5F-8E89-430A-A617-667983B79468}.Debug|ARM.Deploy.0 = Debug|ARM
		{C17ABB5F-8E89-430A-A617-667983B79468}.Debug|iPhone.ActiveCfg = Debug|x86
		{C17ABB5F-8E89-430A-A617-667983B79468}.Debug|iPhoneSimulator.ActiveCfg = Debug|x86
		{C17ABB5F-8E89-430A-A617-667983B79468}.Debug|x64.ActiveCfg = Debug|x64
		{C17ABB5F-8E89-430A-A617-667983B79468}.Debug|x64.Build.0 = Debug|x64
		{C17ABB5F-8E89-430A-A617-667983B79468}.Debug|x64.Deploy.0 = Debug|x64
		{C17ABB5F-8E89-430A-A617-667983B79468}.Debug|x86.ActiveCfg = Debug|x86
		{C17ABB5F-8E89-430A-A617-667983B79468}.Debug|x86.Build.0 = Debug|x86
		{C17ABB5F-8E89-430A-A617-667983B79468}.Debug|x86.Deploy.0 = Debug|x86
		{C17ABB5F-8E89-430A-A617-667983B79468}.Release|Any CPU.ActiveCfg = Release|x86
		{C17ABB5F-8E89-430A-A617-667983B79468}.Release|ARM.ActiveCfg = Release|ARM
		{C17ABB5F-8E89-430A-A617-667983B79468}.Release|ARM.Build.0 = Release|ARM
		{C17ABB5F-8E89-430A-A617-667983B79468}.Release|ARM.Deploy.0 = Release|ARM
		{C17ABB5F-8E89-430A-A617-667983B79468}.Release|iPhone.ActiveCfg = Release|x86
		{C17ABB5F-8E89-430A-A617-667983B79468}.Release|iPhoneSimulator.ActiveCfg = Release|x86
		{C17ABB5F-8E89-430A-A617-667983B79468}.Release|x64.ActiveCfg = Release|x64
		{C17ABB5F-8E89-430A-A617-667983B79468}.Release|x64.Build.0 = Release|x64
		{C17ABB5F-8E89-430A-A617-667983B79468}.Release|x64.Deploy.0 = Release|x64
		{C17ABB5F-8E89-430A-A617-667983B79468}.Release|x86.ActiveCfg = Release|x86
		{C17ABB5F-8E89-430A-A617-667983B79468}.Release|x86.Build.0 = Release|x86
		{C17ABB5F-8E89-430A-A617-667983B79468}.Release|x86.Deploy.0 = Release|x86
		{F367E19C-F9B7-478B-827B-E45B624C08F6}.Ad-Hoc|Any CPU.ActiveCfg = Debug|Any CPU
		{F367E19C-F9B7-478B-827B-E45B624C08F6}.Ad-Hoc|Any CPU.Build.0 = Debug|Any CPU
		{F367E19C-F9B7-478B-827B-E45B624C08F6}.Ad-Hoc|ARM.ActiveCfg = Debug|Any CPU
		{F367E19C-F9B7-478B-827B-E45B624C08F6}.Ad-Hoc|ARM.Build.0 = Debug|Any CPU
		{F367E19C-F9B7-478B-827B-E45B624C08F6}.Ad-Hoc|iPhone.ActiveCfg = Debug|Any CPU
		{F367E19C-F9B7-478B-827B-E45B624C08F6}.Ad-Hoc|iPhone.Build.0 = Debug|Any CPU
		{F367E19C-F9B7-478B-827B-E45B624C08F6}.Ad-Hoc|iPhoneSimulator.ActiveCfg = Debug|Any CPU
		{F367E19C-F9B7-478B-827B-E45B624C08F6}.Ad-Hoc|iPhoneSimulator.Build.0 = Debug|Any CPU
		{F367E19C-F9B7-478B-827B-E45B624C08F6}.Ad-Hoc|x64.ActiveCfg = Debug|Any CPU
		{F367E19C-F9B7-478B-827B-E45B624C08F6}.Ad-Hoc|x64.Build.0 = Debug|Any CPU
		{F367E19C-F9B7-478B-827B-E45B624C08F6}.Ad-Hoc|x86.ActiveCfg = Debug|Any CPU
		{F367E19C-F9B7-478B-827B-E45B624C08F6}.Ad-Hoc|x86.Build.0 = Debug|Any CPU
		{F367E19C-F9B7-478B-827B-E45B624C08F6}.AppStore|Any CPU.ActiveCfg = Debug|Any CPU
		{F367E19C-F9B7-478B-827B-E45B624C08F6}.AppStore|Any CPU.Build.0 = Debug|Any CPU
		{F367E19C-F9B7-478B-827B-E45B624C08F6}.AppStore|ARM.ActiveCfg = Debug|Any CPU
		{F367E19C-F9B7-478B-827B-E45B624C08F6}.AppStore|ARM.Build.0 = Debug|Any CPU
		{F367E19C-F9B7-478B-827B-E45B624C08F6}.AppStore|iPhone.ActiveCfg = Debug|Any CPU
		{F367E19C-F9B7-478B-827B-E45B624C08F6}.AppStore|iPhone.Build.0 = Debug|Any CPU
		{F367E19C-F9B7-478B-827B-E45B624C08F6}.AppStore|iPhoneSimulator.ActiveCfg = Debug|Any CPU
		{F367E19C-F9B7-478B-827B-E45B624C08F6}.AppStore|iPhoneSimulator.Build.0 = Debug|Any CPU
		{F367E19C-F9B7-478B-827B-E45B624C08F6}.AppStore|x64.ActiveCfg = Debug|Any CPU
		{F367E19C-F9B7-478B-827B-E45B624C08F6}.AppStore|x64.Build.0 = Debug|Any CPU
		{F367E19C-F9B7-478B-827B-E45B624C08F6}.AppStore|x86.ActiveCfg = Debug|Any CPU
		{F367E19C-F9B7-478B-827B-E45B624C08F6}.AppStore|x86.Build.0 = Debug|Any CPU
		{F367E19C-F9B7-478B-827B-E45B624C08F6}.Debug|Any CPU.ActiveCfg = Debug|Any CPU
		{F367E19C-F9B7-478B-827B-E45B624C08F6}.Debug|Any CPU.Build.0 = Debug|Any CPU
		{F367E19C-F9B7-478B-827B-E45B624C08F6}.Debug|ARM.ActiveCfg = Debug|Any CPU
		{F367E19C-F9B7-478B-827B-E45B624C08F6}.Debug|ARM.Build.0 = Debug|Any CPU
		{F367E19C-F9B7-478B-827B-E45B624C08F6}.Debug|iPhone.ActiveCfg = Debug|Any CPU
		{F367E19C-F9B7-478B-827B-E45B624C08F6}.Debug|iPhone.Build.0 = Debug|Any CPU
		{F367E19C-F9B7-478B-827B-E45B624C08F6}.Debug|iPhoneSimulator.ActiveCfg = Debug|Any CPU
		{F367E19C-F9B7-478B-827B-E45B624C08F6}.Debug|iPhoneSimulator.Build.0 = Debug|Any CPU
		{F367E19C-F9B7-478B-827B-E45B624C08F6}.Debug|x64.ActiveCfg = Debug|Any CPU
		{F367E19C-F9B7-478B-827B-E45B624C08F6}.Debug|x64.Build.0 = Debug|Any CPU
		{F367E19C-F9B7-478B-827B-E45B624C08F6}.Debug|x86.ActiveCfg = Debug|Any CPU
		{F367E19C-F9B7-478B-827B-E45B624C08F6}.Debug|x86.Build.0 = Debug|Any CPU
		{F367E19C-F9B7-478B-827B-E45B624C08F6}.Release|Any CPU.ActiveCfg = Release|Any CPU
		{F367E19C-F9B7-478B-827B-E45B624C08F6}.Release|Any CPU.Build.0 = Release|Any CPU
		{F367E19C-F9B7-478B-827B-E45B624C08F6}.Release|ARM.ActiveCfg = Release|Any CPU
		{F367E19C-F9B7-478B-827B-E45B624C08F6}.Release|ARM.Build.0 = Release|Any CPU
		{F367E19C-F9B7-478B-827B-E45B624C08F6}.Release|iPhone.ActiveCfg = Release|Any CPU
		{F367E19C-F9B7-478B-827B-E45B624C08F6}.Release|iPhone.Build.0 = Release|Any CPU
		{F367E19C-F9B7-478B-827B-E45B624C08F6}.Release|iPhoneSimulator.ActiveCfg = Release|Any CPU
		{F367E19C-F9B7-478B-827B-E45B624C08F6}.Release|iPhoneSimulator.Build.0 = Release|Any CPU
		{F367E19C-F9B7-478B-827B-E45B624C08F6}.Release|x64.ActiveCfg = Release|Any CPU
		{F367E19C-F9B7-478B-827B-E45B624C08F6}.Release|x64.Build.0 = Release|Any CPU
		{F367E19C-F9B7-478B-827B-E45B624C08F6}.Release|x86.ActiveCfg = Release|Any CPU
		{F367E19C-F9B7-478B-827B-E45B624C08F6}.Release|x86.Build.0 = Release|Any CPU
		{A89D7CDB-4FFC-47E6-A227-5930F59BA9EF}.Ad-Hoc|Any CPU.ActiveCfg = Debug|Any CPU
		{A89D7CDB-4FFC-47E6-A227-5930F59BA9EF}.Ad-Hoc|Any CPU.Build.0 = Debug|Any CPU
		{A89D7CDB-4FFC-47E6-A227-5930F59BA9EF}.Ad-Hoc|ARM.ActiveCfg = Debug|Any CPU
		{A89D7CDB-4FFC-47E6-A227-5930F59BA9EF}.Ad-Hoc|ARM.Build.0 = Debug|Any CPU
		{A89D7CDB-4FFC-47E6-A227-5930F59BA9EF}.Ad-Hoc|iPhone.ActiveCfg = Debug|Any CPU
		{A89D7CDB-4FFC-47E6-A227-5930F59BA9EF}.Ad-Hoc|iPhone.Build.0 = Debug|Any CPU
		{A89D7CDB-4FFC-47E6-A227-5930F59BA9EF}.Ad-Hoc|iPhoneSimulator.ActiveCfg = Debug|Any CPU
		{A89D7CDB-4FFC-47E6-A227-5930F59BA9EF}.Ad-Hoc|iPhoneSimulator.Build.0 = Debug|Any CPU
		{A89D7CDB-4FFC-47E6-A227-5930F59BA9EF}.Ad-Hoc|x64.ActiveCfg = Debug|Any CPU
		{A89D7CDB-4FFC-47E6-A227-5930F59BA9EF}.Ad-Hoc|x64.Build.0 = Debug|Any CPU
		{A89D7CDB-4FFC-47E6-A227-5930F59BA9EF}.Ad-Hoc|x86.ActiveCfg = Debug|Any CPU
		{A89D7CDB-4FFC-47E6-A227-5930F59BA9EF}.Ad-Hoc|x86.Build.0 = Debug|Any CPU
		{A89D7CDB-4FFC-47E6-A227-5930F59BA9EF}.AppStore|Any CPU.ActiveCfg = Debug|Any CPU
		{A89D7CDB-4FFC-47E6-A227-5930F59BA9EF}.AppStore|Any CPU.Build.0 = Debug|Any CPU
		{A89D7CDB-4FFC-47E6-A227-5930F59BA9EF}.AppStore|ARM.ActiveCfg = Debug|Any CPU
		{A89D7CDB-4FFC-47E6-A227-5930F59BA9EF}.AppStore|ARM.Build.0 = Debug|Any CPU
		{A89D7CDB-4FFC-47E6-A227-5930F59BA9EF}.AppStore|iPhone.ActiveCfg = Debug|Any CPU
		{A89D7CDB-4FFC-47E6-A227-5930F59BA9EF}.AppStore|iPhone.Build.0 = Debug|Any CPU
		{A89D7CDB-4FFC-47E6-A227-5930F59BA9EF}.AppStore|iPhoneSimulator.ActiveCfg = Debug|Any CPU
		{A89D7CDB-4FFC-47E6-A227-5930F59BA9EF}.AppStore|iPhoneSimulator.Build.0 = Debug|Any CPU
		{A89D7CDB-4FFC-47E6-A227-5930F59BA9EF}.AppStore|x64.ActiveCfg = Debug|Any CPU
		{A89D7CDB-4FFC-47E6-A227-5930F59BA9EF}.AppStore|x64.Build.0 = Debug|Any CPU
		{A89D7CDB-4FFC-47E6-A227-5930F59BA9EF}.AppStore|x86.ActiveCfg = Debug|Any CPU
		{A89D7CDB-4FFC-47E6-A227-5930F59BA9EF}.AppStore|x86.Build.0 = Debug|Any CPU
		{A89D7CDB-4FFC-47E6-A227-5930F59BA9EF}.Debug|Any CPU.ActiveCfg = Debug|Any CPU
		{A89D7CDB-4FFC-47E6-A227-5930F59BA9EF}.Debug|Any CPU.Build.0 = Debug|Any CPU
		{A89D7CDB-4FFC-47E6-A227-5930F59BA9EF}.Debug|ARM.ActiveCfg = Debug|Any CPU
		{A89D7CDB-4FFC-47E6-A227-5930F59BA9EF}.Debug|ARM.Build.0 = Debug|Any CPU
		{A89D7CDB-4FFC-47E6-A227-5930F59BA9EF}.Debug|iPhone.ActiveCfg = Debug|Any CPU
		{A89D7CDB-4FFC-47E6-A227-5930F59BA9EF}.Debug|iPhone.Build.0 = Debug|Any CPU
		{A89D7CDB-4FFC-47E6-A227-5930F59BA9EF}.Debug|iPhoneSimulator.ActiveCfg = Debug|Any CPU
		{A89D7CDB-4FFC-47E6-A227-5930F59BA9EF}.Debug|iPhoneSimulator.Build.0 = Debug|Any CPU
		{A89D7CDB-4FFC-47E6-A227-5930F59BA9EF}.Debug|x64.ActiveCfg = Debug|Any CPU
		{A89D7CDB-4FFC-47E6-A227-5930F59BA9EF}.Debug|x64.Build.0 = Debug|Any CPU
		{A89D7CDB-4FFC-47E6-A227-5930F59BA9EF}.Debug|x86.ActiveCfg = Debug|Any CPU
		{A89D7CDB-4FFC-47E6-A227-5930F59BA9EF}.Debug|x86.Build.0 = Debug|Any CPU
		{A89D7CDB-4FFC-47E6-A227-5930F59BA9EF}.Release|Any CPU.ActiveCfg = Release|Any CPU
		{A89D7CDB-4FFC-47E6-A227-5930F59BA9EF}.Release|Any CPU.Build.0 = Release|Any CPU
		{A89D7CDB-4FFC-47E6-A227-5930F59BA9EF}.Release|ARM.ActiveCfg = Release|Any CPU
		{A89D7CDB-4FFC-47E6-A227-5930F59BA9EF}.Release|ARM.Build.0 = Release|Any CPU
		{A89D7CDB-4FFC-47E6-A227-5930F59BA9EF}.Release|iPhone.ActiveCfg = Release|Any CPU
		{A89D7CDB-4FFC-47E6-A227-5930F59BA9EF}.Release|iPhone.Build.0 = Release|Any CPU
		{A89D7CDB-4FFC-47E6-A227-5930F59BA9EF}.Release|iPhoneSimulator.ActiveCfg = Release|Any CPU
		{A89D7CDB-4FFC-47E6-A227-5930F59BA9EF}.Release|iPhoneSimulator.Build.0 = Release|Any CPU
		{A89D7CDB-4FFC-47E6-A227-5930F59BA9EF}.Release|x64.ActiveCfg = Release|Any CPU
		{A89D7CDB-4FFC-47E6-A227-5930F59BA9EF}.Release|x64.Build.0 = Release|Any CPU
		{A89D7CDB-4FFC-47E6-A227-5930F59BA9EF}.Release|x86.ActiveCfg = Release|Any CPU
		{A89D7CDB-4FFC-47E6-A227-5930F59BA9EF}.Release|x86.Build.0 = Release|Any CPU
	EndGlobalSection
	GlobalSection(SolutionProperties) = preSolution
		HideSolutionNode = FALSE
	EndGlobalSection
	GlobalSection(NestedProjects) = preSolution
		{F367E19C-F9B7-478B-827B-E45B624C08F6} = {C4205485-D6C6-4FDD-98B9-7382D2825BD6}
	EndGlobalSection
	GlobalSection(ExtensibilityGlobals) = postSolution
		SolutionGuid = {3E0088F0-72EA-4A30-86DB-92C624E19FA7}
	EndGlobalSection
EndGlobal
